// !$*UTF8*$!
{
	archiveVersion = 1;
	classes = {
	};
	objectVersion = 56;
	objects = {

/* Begin PBXBuildFile section */
		F1F083842B53720200E78C62 /* dataApp.swift in Sources */ = {isa = PBXBuildFile; fileRef = F1F083832B53720200E78C62 /* dataApp.swift */; };
		F1F083862B53720200E78C62 /* ContentView.swift in Sources */ = {isa = PBXBuildFile; fileRef = F1F083852B53720200E78C62 /* ContentView.swift */; };
		F1F083882B53720800E78C62 /* Assets.xcassets in Resources */ = {isa = PBXBuildFile; fileRef = F1F083872B53720800E78C62 /* Assets.xcassets */; };
		F1F0838B2B53720800E78C62 /* Preview Assets.xcassets in Resources */ = {isa = PBXBuildFile; fileRef = F1F0838A2B53720800E78C62 /* Preview Assets.xcassets */; };
		F1F083952B53720900E78C62 /* dataTests.swift in Sources */ = {isa = PBXBuildFile; fileRef = F1F083942B53720900E78C62 /* dataTests.swift */; };
		F1F0839F2B53720900E78C62 /* dataUITests.swift in Sources */ = {isa = PBXBuildFile; fileRef = F1F0839E2B53720900E78C62 /* dataUITests.swift */; };
		F1F083A12B53720900E78C62 /* dataUITestsLaunchTests.swift in Sources */ = {isa = PBXBuildFile; fileRef = F1F083A02B53720900E78C62 /* dataUITestsLaunchTests.swift */; };
/* End PBXBuildFile section */

/* Begin PBXContainerItemProxy section */
		F1F083912B53720900E78C62 /* PBXContainerItemProxy */ = {
			isa = PBXContainerItemProxy;
			containerPortal = F1F083782B53720200E78C62 /* Project object */;
			proxyType = 1;
			remoteGlobalIDString = F1F0837F2B53720200E78C62;
			remoteInfo = data;
		};
		F1F0839B2B53720900E78C62 /* PBXContainerItemProxy */ = {
			isa = PBXContainerItemProxy;
			containerPortal = F1F083782B53720200E78C62 /* Project object */;
			proxyType = 1;
			remoteGlobalIDString = F1F0837F2B53720200E78C62;
			remoteInfo = data;
		};
/* End PBXContainerItemProxy section */

/* Begin PBXFileReference section */
		F1F083802B53720200E78C62 /* data.app */ = {isa = PBXFileReference; explicitFileType = wrapper.application; includeInIndex = 0; path = data.app; sourceTree = BUILT_PRODUCTS_DIR; };
		F1F083832B53720200E78C62 /* dataApp.swift */ = {isa = PBXFileReference; lastKnownFileType = sourcecode.swift; path = dataApp.swift; sourceTree = "<group>"; };
		F1F083852B53720200E78C62 /* ContentView.swift */ = {isa = PBXFileReference; lastKnownFileType = sourcecode.swift; path = ContentView.swift; sourceTree = "<group>"; };
		F1F083872B53720800E78C62 /* Assets.xcassets */ = {isa = PBXFileReference; lastKnownFileType = folder.assetcatalog; path = Assets.xcassets; sourceTree = "<group>"; };
		F1F0838A2B53720800E78C62 /* Preview Assets.xcassets */ = {isa = PBXFileReference; lastKnownFileType = folder.assetcatalog; path = "Preview Assets.xcassets"; sourceTree = "<group>"; };
		F1F083902B53720900E78C62 /* dataTests.xctest */ = {isa = PBXFileReference; explicitFileType = wrapper.cfbundle; includeInIndex = 0; path = dataTests.xctest; sourceTree = BUILT_PRODUCTS_DIR; };
		F1F083942B53720900E78C62 /* dataTests.swift */ = {isa = PBXFileReference; lastKnownFileType = sourcecode.swift; path = dataTests.swift; sourceTree = "<group>"; };
		F1F0839A2B53720900E78C62 /* dataUITests.xctest */ = {isa = PBXFileReference; explicitFileType = wrapper.cfbundle; includeInIndex = 0; path = dataUITests.xctest; sourceTree = BUILT_PRODUCTS_DIR; };
		F1F0839E2B53720900E78C62 /* dataUITests.swift */ = {isa = PBXFileReference; lastKnownFileType = sourcecode.swift; path = dataUITests.swift; sourceTree = "<group>"; };
		F1F083A02B53720900E78C62 /* dataUITestsLaunchTests.swift */ = {isa = PBXFileReference; lastKnownFileType = sourcecode.swift; path = dataUITestsLaunchTests.swift; sourceTree = "<group>"; };
/* End PBXFileReference section */

/* Begin PBXFrameworksBuildPhase section */
		F1F0837D2B53720200E78C62 /* Frameworks */ = {
			isa = PBXFrameworksBuildPhase;
			buildActionMask = 2147483647;
			files = (
			);
			runOnlyForDeploymentPostprocessing = 0;
		};
		F1F0838D2B53720900E78C62 /* Frameworks */ = {
			isa = PBXFrameworksBuildPhase;
			buildActionMask = 2147483647;
			files = (
			);
			runOnlyForDeploymentPostprocessing = 0;
		};
		F1F083972B53720900E78C62 /* Frameworks */ = {
			isa = PBXFrameworksBuildPhase;
			buildActionMask = 2147483647;
			files = (
			);
			runOnlyForDeploymentPostprocessing = 0;
		};
/* End PBXFrameworksBuildPhase section */

/* Begin PBXGroup section */
		F1F083772B53720100E78C62 = {
			isa = PBXGroup;
			children = (
				F1F083822B53720200E78C62 /* data */,
				F1F083932B53720900E78C62 /* dataTests */,
				F1F0839D2B53720900E78C62 /* dataUITests */,
				F1F083812B53720200E78C62 /* Products */,
			);
			sourceTree = "<group>";
		};
		F1F083812B53720200E78C62 /* Products */ = {
			isa = PBXGroup;
			children = (
				F1F083802B53720200E78C62 /* data.app */,
				F1F083902B53720900E78C62 /* dataTests.xctest */,
				F1F0839A2B53720900E78C62 /* dataUITests.xctest */,
			);
			name = Products;
			sourceTree = "<group>";
		};
		F1F083822B53720200E78C62 /* data */ = {
			isa = PBXGroup;
			children = (
				F1F083832B53720200E78C62 /* dataApp.swift */,
				F1F083852B53720200E78C62 /* ContentView.swift */,
				F1F083872B53720800E78C62 /* Assets.xcassets */,
				F1F083892B53720800E78C62 /* Preview Content */,
			);
			path = data;
			sourceTree = "<group>";
		};
		F1F083892B53720800E78C62 /* Preview Content */ = {
			isa = PBXGroup;
			children = (
				F1F0838A2B53720800E78C62 /* Preview Assets.xcassets */,
			);
			path = "Preview Content";
			sourceTree = "<group>";
		};
		F1F083932B53720900E78C62 /* dataTests */ = {
			isa = PBXGroup;
			children = (
				F1F083942B53720900E78C62 /* dataTests.swift */,
			);
			path = dataTests;
			sourceTree = "<group>";
		};
		F1F0839D2B53720900E78C62 /* dataUITests */ = {
			isa = PBXGroup;
			children = (
				F1F0839E2B53720900E78C62 /* dataUITests.swift */,
				F1F083A02B53720900E78C62 /* dataUITestsLaunchTests.swift */,
			);
			path = dataUITests;
			sourceTree = "<group>";
		};
/* End PBXGroup section */

/* Begin PBXNativeTarget section */
		F1F0837F2B53720200E78C62 /* data */ = {
			isa = PBXNativeTarget;
			buildConfigurationList = F1F083A42B53720900E78C62 /* Build configuration list for PBXNativeTarget "data" */;
			buildPhases = (
				F1F0837C2B53720200E78C62 /* Sources */,
				F1F0837D2B53720200E78C62 /* Frameworks */,
				F1F0837E2B53720200E78C62 /* Resources */,
			);
			buildRules = (
			);
			dependencies = (
			);
			name = data;
			productName = data;
			productReference = F1F083802B53720200E78C62 /* data.app */;
			productType = "com.apple.product-type.application";
		};
		F1F0838F2B53720900E78C62 /* dataTests */ = {
			isa = PBXNativeTarget;
			buildConfigurationList = F1F083A72B53720900E78C62 /* Build configuration list for PBXNativeTarget "dataTests" */;
			buildPhases = (
				F1F0838C2B53720900E78C62 /* Sources */,
				F1F0838D2B53720900E78C62 /* Frameworks */,
				F1F0838E2B53720900E78C62 /* Resources */,
			);
			buildRules = (
			);
			dependencies = (
				F1F083922B53720900E78C62 /* PBXTargetDependency */,
			);
			name = dataTests;
			productName = dataTests;
			productReference = F1F083902B53720900E78C62 /* dataTests.xctest */;
			productType = "com.apple.product-type.bundle.unit-test";
		};
		F1F083992B53720900E78C62 /* dataUITests */ = {
			isa = PBXNativeTarget;
			buildConfigurationList = F1F083AA2B53720900E78C62 /* Build configuration list for PBXNativeTarget "dataUITests" */;
			buildPhases = (
				F1F083962B53720900E78C62 /* Sources */,
				F1F083972B53720900E78C62 /* Frameworks */,
				F1F083982B53720900E78C62 /* Resources */,
			);
			buildRules = (
			);
			dependencies = (
				F1F0839C2B53720900E78C62 /* PBXTargetDependency */,
			);
			name = dataUITests;
			productName = dataUITests;
			productReference = F1F0839A2B53720900E78C62 /* dataUITests.xctest */;
			productType = "com.apple.product-type.bundle.ui-testing";
		};
/* End PBXNativeTarget section */

/* Begin PBXProject section */
		F1F083782B53720200E78C62 /* Project object */ = {
			isa = PBXProject;
			attributes = {
				BuildIndependentTargetsInParallel = 1;
				LastSwiftUpdateCheck = 1510;
				LastUpgradeCheck = 1510;
				TargetAttributes = {
					F1F0837F2B53720200E78C62 = {
						CreatedOnToolsVersion = 15.1;
					};
					F1F0838F2B53720900E78C62 = {
						CreatedOnToolsVersion = 15.1;
						TestTargetID = F1F0837F2B53720200E78C62;
					};
					F1F083992B53720900E78C62 = {
						CreatedOnToolsVersion = 15.1;
						TestTargetID = F1F0837F2B53720200E78C62;
					};
				};
			};
			buildConfigurationList = F1F0837B2B53720200E78C62 /* Build configuration list for PBXProject "data" */;
			compatibilityVersion = "Xcode 14.0";
			developmentRegion = en;
			hasScannedForEncodings = 0;
			knownRegions = (
				en,
				Base,
			);
			mainGroup = F1F083772B53720100E78C62;
			productRefGroup = F1F083812B53720200E78C62 /* Products */;
			projectDirPath = "";
			projectRoot = "";
			targets = (
				F1F0837F2B53720200E78C62 /* data */,
				F1F0838F2B53720900E78C62 /* dataTests */,
				F1F083992B53720900E78C62 /* dataUITests */,
			);
		};
/* End PBXProject section */

/* Begin PBXResourcesBuildPhase section */
		F1F0837E2B53720200E78C62 /* Resources */ = {
			isa = PBXResourcesBuildPhase;
			buildActionMask = 2147483647;
			files = (
				F1F0838B2B53720800E78C62 /* Preview Assets.xcassets in Resources */,
				F1F083882B53720800E78C62 /* Assets.xcassets in Resources */,
			);
			runOnlyForDeploymentPostprocessing = 0;
		};
		F1F0838E2B53720900E78C62 /* Resources */ = {
			isa = PBXResourcesBuildPhase;
			buildActionMask = 2147483647;
			files = (
			);
			runOnlyForDeploymentPostprocessing = 0;
		};
		F1F083982B53720900E78C62 /* Resources */ = {
			isa = PBXResourcesBuildPhase;
			buildActionMask = 2147483647;
			files = (
			);
			runOnlyForDeploymentPostprocessing = 0;
		};
/* End PBXResourcesBuildPhase section */

/* Begin PBXSourcesBuildPhase section */
		F1F0837C2B53720200E78C62 /* Sources */ = {
			isa = PBXSourcesBuildPhase;
			buildActionMask = 2147483647;
			files = (
				F1F083862B53720200E78C62 /* ContentView.swift in Sources */,
				F1F083842B53720200E78C62 /* dataApp.swift in Sources */,
			);
			runOnlyForDeploymentPostprocessing = 0;
		};
		F1F0838C2B53720900E78C62 /* Sources */ = {
			isa = PBXSourcesBuildPhase;
			buildActionMask = 2147483647;
			files = (
				F1F083952B53720900E78C62 /* dataTests.swift in Sources */,
			);
			runOnlyForDeploymentPostprocessing = 0;
		};
		F1F083962B53720900E78C62 /* Sources */ = {
			isa = PBXSourcesBuildPhase;
			buildActionMask = 2147483647;
			files = (
				F1F083A12B53720900E78C62 /* dataUITestsLaunchTests.swift in Sources */,
				F1F0839F2B53720900E78C62 /* dataUITests.swift in Sources */,
			);
			runOnlyForDeploymentPostprocessing = 0;
		};
/* End PBXSourcesBuildPhase section */

/* Begin PBXTargetDependency section */
		F1F083922B53720900E78C62 /* PBXTargetDependency */ = {
			isa = PBXTargetDependency;
			target = F1F0837F2B53720200E78C62 /* data */;
			targetProxy = F1F083912B53720900E78C62 /* PBXContainerItemProxy */;
		};
		F1F0839C2B53720900E78C62 /* PBXTargetDependency */ = {
			isa = PBXTargetDependency;
			target = F1F0837F2B53720200E78C62 /* data */;
			targetProxy = F1F0839B2B53720900E78C62 /* PBXContainerItemProxy */;
		};
/* End PBXTargetDependency section */

/* Begin XCBuildConfiguration section */
		F1F083A22B53720900E78C62 /* Debug */ = {
			isa = XCBuildConfiguration;
			buildSettings = {
				ALWAYS_SEARCH_USER_PATHS = NO;
				ASSETCATALOG_COMPILER_GENERATE_SWIFT_ASSET_SYMBOL_EXTENSIONS = YES;
				CLANG_ANALYZER_NONNULL = YES;
				CLANG_ANALYZER_NUMBER_OBJECT_CONVERSION = YES_AGGRESSIVE;
				CLANG_CXX_LANGUAGE_STANDARD = "gnu++20";
				CLANG_ENABLE_MODULES = YES;
				CLANG_ENABLE_OBJC_ARC = YES;
				CLANG_ENABLE_OBJC_WEAK = YES;
				CLANG_WARN_BLOCK_CAPTURE_AUTORELEASING = YES;
				CLANG_WARN_BOOL_CONVERSION = YES;
				CLANG_WARN_COMMA = YES;
				CLANG_WARN_CONSTANT_CONVERSION = YES;
				CLANG_WARN_DEPRECATED_OBJC_IMPLEMENTATIONS = YES;
				CLANG_WARN_DIRECT_OBJC_ISA_USAGE = YES_ERROR;
				CLANG_WARN_DOCUMENTATION_COMMENTS = YES;
				CLANG_WARN_EMPTY_BODY = YES;
				CLANG_WARN_ENUM_CONVERSION = YES;
				CLANG_WARN_INFINITE_RECURSION = YES;
				CLANG_WARN_INT_CONVERSION = YES;
				CLANG_WARN_NON_LITERAL_NULL_CONVERSION = YES;
				CLANG_WARN_OBJC_IMPLICIT_RETAIN_SELF = YES;
				CLANG_WARN_OBJC_LITERAL_CONVERSION = YES;
				CLANG_WARN_OBJC_ROOT_CLASS = YES_ERROR;
				CLANG_WARN_QUOTED_INCLUDE_IN_FRAMEWORK_HEADER = YES;
				CLANG_WARN_RANGE_LOOP_ANALYSIS = YES;
				CLANG_WARN_STRICT_PROTOTYPES = YES;
				CLANG_WARN_SUSPICIOUS_MOVE = YES;
				CLANG_WARN_UNGUARDED_AVAILABILITY = YES_AGGRESSIVE;
				CLANG_WARN_UNREACHABLE_CODE = YES;
				CLANG_WARN__DUPLICATE_METHOD_MATCH = YES;
				COPY_PHASE_STRIP = NO;
				DEBUG_INFORMATION_FORMAT = dwarf;
				ENABLE_STRICT_OBJC_MSGSEND = YES;
				ENABLE_TESTABILITY = YES;
				ENABLE_USER_SCRIPT_SANDBOXING = YES;
				GCC_C_LANGUAGE_STANDARD = gnu17;
				GCC_DYNAMIC_NO_PIC = NO;
				GCC_NO_COMMON_BLOCKS = YES;
				GCC_OPTIMIZATION_LEVEL = 0;
				GCC_PREPROCESSOR_DEFINITIONS = (
					"DEBUG=1",
					"$(inherited)",
				);
				GCC_WARN_64_TO_32_BIT_CONVERSION = YES;
				GCC_WARN_ABOUT_RETURN_TYPE = YES_ERROR;
				GCC_WARN_UNDECLARED_SELECTOR = YES;
				GCC_WARN_UNINITIALIZED_AUTOS = YES_AGGRESSIVE;
				GCC_WARN_UNUSED_FUNCTION = YES;
				GCC_WARN_UNUSED_VARIABLE = YES;
				IPHONEOS_DEPLOYMENT_TARGET = 17.2;
				LOCALIZATION_PREFERS_STRING_CATALOGS = YES;
				MTL_ENABLE_DEBUG_INFO = INCLUDE_SOURCE;
				MTL_FAST_MATH = YES;
				ONLY_ACTIVE_ARCH = YES;
				SDKROOT = iphoneos;
				SWIFT_ACTIVE_COMPILATION_CONDITIONS = "DEBUG $(inherited)";
				SWIFT_OPTIMIZATION_LEVEL = "-Onone";
			};
			name = Debug;
		};
		F1F083A32B53720900E78C62 /* Release */ = {
			isa = XCBuildConfiguration;
			buildSettings = {
				ALWAYS_SEARCH_USER_PATHS = NO;
				ASSETCATALOG_COMPILER_GENERATE_SWIFT_ASSET_SYMBOL_EXTENSIONS = YES;
				CLANG_ANALYZER_NONNULL = YES;
				CLANG_ANALYZER_NUMBER_OBJECT_CONVERSION = YES_AGGRESSIVE;
				CLANG_CXX_LANGUAGE_STANDARD = "gnu++20";
				CLANG_ENABLE_MODULES = YES;
				CLANG_ENABLE_OBJC_ARC = YES;
				CLANG_ENABLE_OBJC_WEAK = YES;
				CLANG_WARN_BLOCK_CAPTURE_AUTORELEASING = YES;
				CLANG_WARN_BOOL_CONVERSION = YES;
				CLANG_WARN_COMMA = YES;
				CLANG_WARN_CONSTANT_CONVERSION = YES;
				CLANG_WARN_DEPRECATED_OBJC_IMPLEMENTATIONS = YES;
				CLANG_WARN_DIRECT_OBJC_ISA_USAGE = YES_ERROR;
				CLANG_WARN_DOCUMENTATION_COMMENTS = YES;
				CLANG_WARN_EMPTY_BODY = YES;
				CLANG_WARN_ENUM_CONVERSION = YES;
				CLANG_WARN_INFINITE_RECURSION = YES;
				CLANG_WARN_INT_CONVERSION = YES;
				CLANG_WARN_NON_LITERAL_NULL_CONVERSION = YES;
				CLANG_WARN_OBJC_IMPLICIT_RETAIN_SELF = YES;
				CLANG_WARN_OBJC_LITERAL_CONVERSION = YES;
				CLANG_WARN_OBJC_ROOT_CLASS = YES_ERROR;
				CLANG_WARN_QUOTED_INCLUDE_IN_FRAMEWORK_HEADER = YES;
				CLANG_WARN_RANGE_LOOP_ANALYSIS = YES;
				CLANG_WARN_STRICT_PROTOTYPES = YES;
				CLANG_WARN_SUSPICIOUS_MOVE = YES;
				CLANG_WARN_UNGUARDED_AVAILABILITY = YES_AGGRESSIVE;
				CLANG_WARN_UNREACHABLE_CODE = YES;
				CLANG_WARN__DUPLICATE_METHOD_MATCH = YES;
				COPY_PHASE_STRIP = NO;
				DEBUG_INFORMATION_FORMAT = "dwarf-with-dsym";
				ENABLE_NS_ASSERTIONS = NO;
				ENABLE_STRICT_OBJC_MSGSEND = YES;
				ENABLE_USER_SCRIPT_SANDBOXING = YES;
				GCC_C_LANGUAGE_STANDARD = gnu17;
				GCC_NO_COMMON_BLOCKS = YES;
				GCC_WARN_64_TO_32_BIT_CONVERSION = YES;
				GCC_WARN_ABOUT_RETURN_TYPE = YES_ERROR;
				GCC_WARN_UNDECLARED_SELECTOR = YES;
				GCC_WARN_UNINITIALIZED_AUTOS = YES_AGGRESSIVE;
				GCC_WARN_UNUSED_FUNCTION = YES;
				GCC_WARN_UNUSED_VARIABLE = YES;
				IPHONEOS_DEPLOYMENT_TARGET = 17.2;
				LOCALIZATION_PREFERS_STRING_CATALOGS = YES;
				MTL_ENABLE_DEBUG_INFO = NO;
				MTL_FAST_MATH = YES;
				SDKROOT = iphoneos;
				SWIFT_COMPILATION_MODE = wholemodule;
				VALIDATE_PRODUCT = YES;
			};
			name = Release;
		};
		F1F083A52B53720900E78C62 /* Debug */ = {
			isa = XCBuildConfiguration;
			buildSettings = {
				ASSETCATALOG_COMPILER_APPICON_NAME = AppIcon;
				ASSETCATALOG_COMPILER_GLOBAL_ACCENT_COLOR_NAME = AccentColor;
				CODE_SIGN_STYLE = Automatic;
				CURRENT_PROJECT_VERSION = 1;
				DEVELOPMENT_ASSET_PATHS = "\"data/Preview Content\"";
				DEVELOPMENT_TEAM = 222AZ6WUP8;
				ENABLE_PREVIEWS = YES;
				GENERATE_INFOPLIST_FILE = YES;
				INFOPLIST_KEY_UIApplicationSceneManifest_Generation = YES;
				INFOPLIST_KEY_UIApplicationSupportsIndirectInputEvents = YES;
				INFOPLIST_KEY_UILaunchScreen_Generation = YES;
				INFOPLIST_KEY_UISupportedInterfaceOrientations_iPad = "UIInterfaceOrientationPortrait UIInterfaceOrientationPortraitUpsideDown UIInterfaceOrientationLandscapeLeft UIInterfaceOrientationLandscapeRight";
				INFOPLIST_KEY_UISupportedInterfaceOrientations_iPhone = "UIInterfaceOrientationPortrait UIInterfaceOrientationLandscapeLeft UIInterfaceOrientationLandscapeRight";
				LD_RUNPATH_SEARCH_PATHS = (
					"$(inherited)",
					"@executable_path/Frameworks",
				);
				MARKETING_VERSION = 1.0;
				PRODUCT_BUNDLE_IDENTIFIER = davidgrau.data;
				PRODUCT_NAME = "$(TARGET_NAME)";
				SWIFT_EMIT_LOC_STRINGS = YES;
				SWIFT_VERSION = 5.0;
				TARGETED_DEVICE_FAMILY = "1,2";
			};
			name = Debug;
		};
		F1F083A62B53720900E78C62 /* Release */ = {
			isa = XCBuildConfiguration;
			buildSettings = {
				ASSETCATALOG_COMPILER_APPICON_NAME = AppIcon;
				ASSETCATALOG_COMPILER_GLOBAL_ACCENT_COLOR_NAME = AccentColor;
				CODE_SIGN_STYLE = Automatic;
				CURRENT_PROJECT_VERSION = 1;
				DEVELOPMENT_ASSET_PATHS = "\"data/Preview Content\"";
				DEVELOPMENT_TEAM = 222AZ6WUP8;
				ENABLE_PREVIEWS = YES;
				GENERATE_INFOPLIST_FILE = YES;
				INFOPLIST_KEY_UIApplicationSceneManifest_Generation = YES;
				INFOPLIST_KEY_UIApplicationSupportsIndirectInputEvents = YES;
				INFOPLIST_KEY_UILaunchScreen_Generation = YES;
				INFOPLIST_KEY_UISupportedInterfaceOrientations_iPad = "UIInterfaceOrientationPortrait UIInterfaceOrientationPortraitUpsideDown UIInterfaceOrientationLandscapeLeft UIInterfaceOrientationLandscapeRight";
				INFOPLIST_KEY_UISupportedInterfaceOrientations_iPhone = "UIInterfaceOrientationPortrait UIInterfaceOrientationLandscapeLeft UIInterfaceOrientationLandscapeRight";
				LD_RUNPATH_SEARCH_PATHS = (
					"$(inherited)",
					"@executable_path/Frameworks",
				);
				MARKETING_VERSION = 1.0;
				PRODUCT_BUNDLE_IDENTIFIER = davidgrau.data;
				PRODUCT_NAME = "$(TARGET_NAME)";
				SWIFT_EMIT_LOC_STRINGS = YES;
				SWIFT_VERSION = 5.0;
				TARGETED_DEVICE_FAMILY = "1,2";
			};
			name = Release;
		};
		F1F083A82B53720900E78C62 /* Debug */ = {
			isa = XCBuildConfiguration;
			buildSettings = {
				ALWAYS_EMBED_SWIFT_STANDARD_LIBRARIES = YES;
				BUNDLE_LOADER = "$(TEST_HOST)";
				CODE_SIGN_STYLE = Automatic;
				CURRENT_PROJECT_VERSION = 1;
				DEVELOPMENT_TEAM = 222AZ6WUP8;
				GENERATE_INFOPLIST_FILE = YES;
				IPHONEOS_DEPLOYMENT_TARGET = 17.2;
				MARKETING_VERSION = 1.0;
				PRODUCT_BUNDLE_IDENTIFIER = davidgrau.dataTests;
				PRODUCT_NAME = "$(TARGET_NAME)";
				SWIFT_EMIT_LOC_STRINGS = NO;
				SWIFT_VERSION = 5.0;
				TARGETED_DEVICE_FAMILY = "1,2";
				TEST_HOST = "$(BUILT_PRODUCTS_DIR)/data.app/$(BUNDLE_EXECUTABLE_FOLDER_PATH)/data";
			};
			name = Debug;
		};
		F1F083A92B53720900E78C62 /* Release */ = {
			isa = XCBuildConfiguration;
			buildSettings = {
				ALWAYS_EMBED_SWIFT_STANDARD_LIBRARIES = YES;
				BUNDLE_LOADER = "$(TEST_HOST)";
				CODE_SIGN_STYLE = Automatic;
				CURRENT_PROJECT_VERSION = 1;
				DEVELOPMENT_TEAM = 222AZ6WUP8;
				GENERATE_INFOPLIST_FILE = YES;
				IPHONEOS_DEPLOYMENT_TARGET = 17.2;
				MARKETING_VERSION = 1.0;
				PRODUCT_BUNDLE_IDENTIFIER = davidgrau.dataTests;
				PRODUCT_NAME = "$(TARGET_NAME)";
				SWIFT_EMIT_LOC_STRINGS = NO;
				SWIFT_VERSION = 5.0;
				TARGETED_DEVICE_FAMILY = "1,2";
				TEST_HOST = "$(BUILT_PRODUCTS_DIR)/data.app/$(BUNDLE_EXECUTABLE_FOLDER_PATH)/data";
			};
			name = Release;
		};
		F1F083AB2B53720900E78C62 /* Debug */ = {
			isa = XCBuildConfiguration;
			buildSettings = {
				ALWAYS_EMBED_SWIFT_STANDARD_LIBRARIES = YES;
				CODE_SIGN_STYLE = Automatic;
				CURRENT_PROJECT_VERSION = 1;
				DEVELOPMENT_TEAM = 222AZ6WUP8;
				GENERATE_INFOPLIST_FILE = YES;
				MARKETING_VERSION = 1.0;
				PRODUCT_BUNDLE_IDENTIFIER = davidgrau.dataUITests;
				PRODUCT_NAME = "$(TARGET_NAME)";
				SWIFT_EMIT_LOC_STRINGS = NO;
				SWIFT_VERSION = 5.0;
				TARGETED_DEVICE_FAMILY = "1,2";
				TEST_TARGET_NAME = data;
			};
			name = Debug;
		};
		F1F083AC2B53720900E78C62 /* Release */ = {
			isa = XCBuildConfiguration;
			buildSettings = {
				ALWAYS_EMBED_SWIFT_STANDARD_LIBRARIES = YES;
				CODE_SIGN_STYLE = Automatic;
				CURRENT_PROJECT_VERSION = 1;
				DEVELOPMENT_TEAM = 222AZ6WUP8;
				GENERATE_INFOPLIST_FILE = YES;
				MARKETING_VERSION = 1.0;
				PRODUCT_BUNDLE_IDENTIFIER = davidgrau.dataUITests;
				PRODUCT_NAME = "$(TARGET_NAME)";
				SWIFT_EMIT_LOC_STRINGS = NO;
				SWIFT_VERSION = 5.0;
				TARGETED_DEVICE_FAMILY = "1,2";
				TEST_TARGET_NAME = data;
			};
			name = Release;
		};
/* End XCBuildConfiguration section */

/* Begin XCConfigurationList section */
		F1F0837B2B53720200E78C62 /* Build configuration list for PBXProject "data" */ = {
			isa = XCConfigurationList;
			buildConfigurations = (
				F1F083A22B53720900E78C62 /* Debug */,
				F1F083A32B53720900E78C62 /* Release */,
			);
			defaultConfigurationIsVisible = 0;
			defaultConfigurationName = Release;
		};
		F1F083A42B53720900E78C62 /* Build configuration list for PBXNativeTarget "data" */ = {
			isa = XCConfigurationList;
			buildConfigurations = (
				F1F083A52B53720900E78C62 /* Debug */,
				F1F083A62B53720900E78C62 /* Release */,
			);
			defaultConfigurationIsVisible = 0;
			defaultConfigurationName = Release;
		};
		F1F083A72B53720900E78C62 /* Build configuration list for PBXNativeTarget "dataTests" */ = {
			isa = XCConfigurationList;
			buildConfigurations = (
				F1F083A82B53720900E78C62 /* Debug */,
				F1F083A92B53720900E78C62 /* Release */,
			);
			defaultConfigurationIsVisible = 0;
			defaultConfigurationName = Release;
		};
		F1F083AA2B53720900E78C62 /* Build configuration list for PBXNativeTarget "dataUITests" */ = {
			isa = XCConfigurationList;
			buildConfigurations = (
				F1F083AB2B53720900E78C62 /* Debug */,
				F1F083AC2B53720900E78C62 /* Release */,
			);
			defaultConfigurationIsVisible = 0;
			defaultConfigurationName = Release;
		};
/* End XCConfigurationList section */
	};
	rootObject = F1F083782B53720200E78C62 /* Project object */;
}
